{
  "requires": true,
  "lockfileVersion": 1,
  "dependencies": {
    "cpass": {
      "version": "2.0.5",
      "resolved": "https://registry.npmjs.org/cpass/-/cpass-2.0.5.tgz",
      "integrity": "sha512-LBe6HD6b58YTF6ovlngw0+bn1UKl1XGfQ8eDqnzDXbuhK53h0XT3tMYY/8LtB2w2uiTFN6HjdKgJmyX5mQtKSQ==",
      "requires": {
        "simple-encryptor": "^1.4.0"
      }
    },
    "scmp": {
      "version": "2.0.0",
      "resolved": "https://registry.npmjs.org/scmp/-/scmp-2.0.0.tgz",
      "integrity": "sha1-JHEQ7yLM+JexOj8KvdtSeCOTzWo="
    },
    "simple-encryptor": {
      "version": "1.4.0",
      "resolved": "https://registry.npmjs.org/simple-encryptor/-/simple-encryptor-1.4.0.tgz",
      "integrity": "sha512-g7UhXQ6flzimqzoaDqjGl5hBh4/+tJ4dtAIHaWhO9gtt+GkLRb3F/Xjv//XORFstkNxA+CFVzZJCLhs24NmrSQ==",
      "requires": {
        "scmp": "2.0.0"
      }
    }
  }
}
